
Microsoft Visual Studio Solution File, Format Version 11.00
# Visual Studio 2010
Project("{FAE04EC0-301F-11D3-BF4B-00C04F79EFBC}") = "ResourceHelper", "ResourceHelper\ResourceHelper.csproj", "{C39839FF-7C45-49E2-BE4C-0DA175509C9A}"
EndProject
Project("{FAE04EC0-301F-11D3-BF4B-00C04F79EFBC}") = "ResourceHelper.Sample", "ResourceHelper.Sample\ResourceHelper.Sample.csproj", "{6EB2AE72-3ABE-4FF8-B5FB-AB3FE0043147}"
EndProject
Project("{FAE04EC0-301F-11D3-BF4B-00C04F79EFBC}") = "ResourceHelper.Tests", "ResourceHelper.Tests\ResourceHelper.Tests.csproj", "{22214F14-0F5F-4344-9925-E2AF41115566}"
EndProject
Global
	GlobalSection(SolutionConfigurationPlatforms) = preSolution
		CodeCoverage|Any CPU = CodeCoverage|Any CPU
		CodeCoverage|Mixed Platforms = CodeCoverage|Mixed Platforms
		CodeCoverage|x86 = CodeCoverage|x86
		Debug|Any CPU = Debug|Any CPU
		Debug|Mixed Platforms = Debug|Mixed Platforms
		Debug|x86 = Debug|x86
		FxCop|Any CPU = FxCop|Any CPU
		FxCop|Mixed Platforms = FxCop|Mixed Platforms
		FxCop|x86 = FxCop|x86
		Release|Any CPU = Release|Any CPU
		Release|Mixed Platforms = Release|Mixed Platforms
		Release|x86 = Release|x86
	EndGlobalSection
	GlobalSection(ProjectConfigurationPlatforms) = postSolution
		{C39839FF-7C45-49E2-BE4C-0DA175509C9A}.CodeCoverage|Any CPU.ActiveCfg = Release|Any CPU
		{C39839FF-7C45-49E2-BE4C-0DA175509C9A}.CodeCoverage|Any CPU.Build.0 = Release|Any CPU
		{C39839FF-7C45-49E2-BE4C-0DA175509C9A}.CodeCoverage|Mixed Platforms.ActiveCfg = Release|Any CPU
		{C39839FF-7C45-49E2-BE4C-0DA175509C9A}.CodeCoverage|Mixed Platforms.Build.0 = Release|Any CPU
		{C39839FF-7C45-49E2-BE4C-0DA175509C9A}.CodeCoverage|x86.ActiveCfg = Release|Any CPU
		{C39839FF-7C45-49E2-BE4C-0DA175509C9A}.Debug|Any CPU.ActiveCfg = Debug|Any CPU
		{C39839FF-7C45-49E2-BE4C-0DA175509C9A}.Debug|Any CPU.Build.0 = Debug|Any CPU
		{C39839FF-7C45-49E2-BE4C-0DA175509C9A}.Debug|Mixed Platforms.ActiveCfg = Debug|Any CPU
		{C39839FF-7C45-49E2-BE4C-0DA175509C9A}.Debug|Mixed Platforms.Build.0 = Debug|Any CPU
		{C39839FF-7C45-49E2-BE4C-0DA175509C9A}.Debug|x86.ActiveCfg = Debug|Any CPU
		{C39839FF-7C45-49E2-BE4C-0DA175509C9A}.FxCop|Any CPU.ActiveCfg = Release|Any CPU
		{C39839FF-7C45-49E2-BE4C-0DA175509C9A}.FxCop|Any CPU.Build.0 = Release|Any CPU
		{C39839FF-7C45-49E2-BE4C-0DA175509C9A}.FxCop|Mixed Platforms.ActiveCfg = Release|Any CPU
		{C39839FF-7C45-49E2-BE4C-0DA175509C9A}.FxCop|Mixed Platforms.Build.0 = Release|Any CPU
		{C39839FF-7C45-49E2-BE4C-0DA175509C9A}.FxCop|x86.ActiveCfg = Release|Any CPU
		{C39839FF-7C45-49E2-BE4C-0DA175509C9A}.Release|Any CPU.ActiveCfg = Release|Any CPU
		{C39839FF-7C45-49E2-BE4C-0DA175509C9A}.Release|Any CPU.Build.0 = Release|Any CPU
		{C39839FF-7C45-49E2-BE4C-0DA175509C9A}.Release|Mixed Platforms.ActiveCfg = Release|Any CPU
		{C39839FF-7C45-49E2-BE4C-0DA175509C9A}.Release|Mixed Platforms.Build.0 = Release|Any CPU
		{C39839FF-7C45-49E2-BE4C-0DA175509C9A}.Release|x86.ActiveCfg = Release|Any CPU
		{6EB2AE72-3ABE-4FF8-B5FB-AB3FE0043147}.CodeCoverage|Any CPU.ActiveCfg = Release|Any CPU
		{6EB2AE72-3ABE-4FF8-B5FB-AB3FE0043147}.CodeCoverage|Any CPU.Build.0 = Release|Any CPU
		{6EB2AE72-3ABE-4FF8-B5FB-AB3FE0043147}.CodeCoverage|Mixed Platforms.ActiveCfg = Release|Any CPU
		{6EB2AE72-3ABE-4FF8-B5FB-AB3FE0043147}.CodeCoverage|Mixed Platforms.Build.0 = Release|Any CPU
		{6EB2AE72-3ABE-4FF8-B5FB-AB3FE0043147}.CodeCoverage|x86.ActiveCfg = Release|Any CPU
		{6EB2AE72-3ABE-4FF8-B5FB-AB3FE0043147}.Debug|Any CPU.ActiveCfg = Debug|Any CPU
		{6EB2AE72-3ABE-4FF8-B5FB-AB3FE0043147}.Debug|Any CPU.Build.0 = Debug|Any CPU
		{6EB2AE72-3ABE-4FF8-B5FB-AB3FE0043147}.Debug|Mixed Platforms.ActiveCfg = Debug|Any CPU
		{6EB2AE72-3ABE-4FF8-B5FB-AB3FE0043147}.Debug|Mixed Platforms.Build.0 = Debug|Any CPU
		{6EB2AE72-3ABE-4FF8-B5FB-AB3FE0043147}.Debug|x86.ActiveCfg = Debug|Any CPU
		{6EB2AE72-3ABE-4FF8-B5FB-AB3FE0043147}.FxCop|Any CPU.ActiveCfg = Release|Any CPU
		{6EB2AE72-3ABE-4FF8-B5FB-AB3FE0043147}.FxCop|Any CPU.Build.0 = Release|Any CPU
		{6EB2AE72-3ABE-4FF8-B5FB-AB3FE0043147}.FxCop|Mixed Platforms.ActiveCfg = Release|Any CPU
		{6EB2AE72-3ABE-4FF8-B5FB-AB3FE0043147}.FxCop|Mixed Platforms.Build.0 = Release|Any CPU
		{6EB2AE72-3ABE-4FF8-B5FB-AB3FE0043147}.FxCop|x86.ActiveCfg = Release|Any CPU
		{6EB2AE72-3ABE-4FF8-B5FB-AB3FE0043147}.Release|Any CPU.ActiveCfg = Release|Any CPU
		{6EB2AE72-3ABE-4FF8-B5FB-AB3FE0043147}.Release|Any CPU.Build.0 = Release|Any CPU
		{6EB2AE72-3ABE-4FF8-B5FB-AB3FE0043147}.Release|Mixed Platforms.ActiveCfg = Release|Any CPU
		{6EB2AE72-3ABE-4FF8-B5FB-AB3FE0043147}.Release|Mixed Platforms.Build.0 = Release|Any CPU
		{6EB2AE72-3ABE-4FF8-B5FB-AB3FE0043147}.Release|x86.ActiveCfg = Release|Any CPU
		{22214F14-0F5F-4344-9925-E2AF41115566}.CodeCoverage|Any CPU.ActiveCfg = Release|x86
		{22214F14-0F5F-4344-9925-E2AF41115566}.CodeCoverage|Mixed Platforms.ActiveCfg = Release|x86
		{22214F14-0F5F-4344-9925-E2AF41115566}.CodeCoverage|Mixed Platforms.Build.0 = Release|x86
		{22214F14-0F5F-4344-9925-E2AF41115566}.CodeCoverage|x86.ActiveCfg = Release|x86
		{22214F14-0F5F-4344-9925-E2AF41115566}.CodeCoverage|x86.Build.0 = Release|x86
		{22214F14-0F5F-4344-9925-E2AF41115566}.Debug|Any CPU.ActiveCfg = Debug|x86
		{22214F14-0F5F-4344-9925-E2AF41115566}.Debug|Mixed Platforms.ActiveCfg = Debug|x86
		{22214F14-0F5F-4344-9925-E2AF41115566}.Debug|Mixed Platforms.Build.0 = Debug|x86
		{22214F14-0F5F-4344-9925-E2AF41115566}.Debug|x86.ActiveCfg = Debug|x86
		{22214F14-0F5F-4344-9925-E2AF41115566}.Debug|x86.Build.0 = Debug|x86
		{22214F14-0F5F-4344-9925-E2AF41115566}.FxCop|Any CPU.ActiveCfg = Release|x86
		{22214F14-0F5F-4344-9925-E2AF41115566}.FxCop|Mixed Platforms.ActiveCfg = Release|x86
		{22214F14-0F5F-4344-9925-E2AF41115566}.FxCop|Mixed Platforms.Build.0 = Release|x86
		{22214F14-0F5F-4344-9925-E2AF41115566}.FxCop|x86.ActiveCfg = Release|x86
		{22214F14-0F5F-4344-9925-E2AF41115566}.FxCop|x86.Build.0 = Release|x86
		{22214F14-0F5F-4344-9925-E2AF41115566}.Release|Any CPU.ActiveCfg = Release|x86
		{22214F14-0F5F-4344-9925-E2AF41115566}.Release|Mixed Platforms.ActiveCfg = Release|x86
		{22214F14-0F5F-4344-9925-E2AF41115566}.Release|Mixed Platforms.Build.0 = Release|x86
		{22214F14-0F5F-4344-9925-E2AF41115566}.Release|x86.ActiveCfg = Release|x86
		{22214F14-0F5F-4344-9925-E2AF41115566}.Release|x86.Build.0 = Release|x86
	EndGlobalSection
	GlobalSection(SolutionProperties) = preSolution
		HideSolutionNode = FALSE
	EndGlobalSection
EndGlobal
